
Microsoft Visual Studio Solution File, Format Version 12.00
# Visual Studio 15
VisualStudioVersion = 15.0.26730.12
MinimumVisualStudioVersion = 10.0.40219.1
Project("{FAE04EC0-301F-11D3-BF4B-00C04F79EFBC}") = "tabort123", "tabort123.csproj", "{62411783-F3EE-4661-9AA3-65CD8D22E208}"
EndProject
Global
	GlobalSection(SolutionConfigurationPlatforms) = preSolution
		Debug|Any CPU = Debug|Any CPU
		Release|Any CPU = Release|Any CPU
	EndGlobalSection
	GlobalSection(ProjectConfigurationPlatforms) = postSolution
		{62411783-F3EE-4661-9AA3-65CD8D22E208}.Debug|Any CPU.ActiveCfg = Debug|Any CPU
		{62411783-F3EE-4661-9AA3-65CD8D22E208}.Debug|Any CPU.Build.0 = Debug|Any CPU
		{62411783-F3EE-4661-9AA3-65CD8D22E208}.Release|Any CPU.ActiveCfg = Release|Any CPU
		{62411783-F3EE-4661-9AA3-65CD8D22E208}.Release|Any CPU.Build.0 = Release|Any CPU
	EndGlobalSection
	GlobalSection(SolutionProperties) = preSolution
		HideSolutionNode = FALSE
	EndGlobalSection
	GlobalSection(ExtensibilityGlobals) = postSolution
		SolutionGuid = {2B98CC31-13F3-4C79-AB6A-B5D43A28369D}
	EndGlobalSection
EndGlobal
